lockfileVersion: '9.0'

settings:
  autoInstallPeers: true
  excludeLinksFromLockfile: false

importers:

  .:
    dependencies:
      '@dnd-kit/core':
        specifier: ^6.1.0
        version: 6.3.1(react-dom@18.2.0(react@18.2.0))(react@18.2.0)
      '@dnd-kit/sortable':
        specifier: ^7.0.2
        version: 7.0.2(@dnd-kit/core@6.3.1(react-dom@18.2.0(react@18.2.0))(react@18.2.0))(react@18.2.0)
      '@dnd-kit/utilities':
        specifier: ^3.2.1
        version: 3.2.2(react@18.2.0)
      '@hookform/resolvers':
        specifier: ^3.3.4
        version: 3.10.0(react-hook-form@7.62.0(react@18.2.0))
      '@monaco-editor/react':
        specifier: ^4.6.0
        version: 4.7.0(monaco-editor@0.53.0)(react-dom@18.2.0(react@18.2.0))(react@18.2.0)
      '@tanstack/react-query':
        specifier: ^5.87.4
        version: 5.87.4(react@18.2.0)
      chart.js:
        specifier: ^4.4.3
        version: 4.5.0
      hls.js:
        specifier: ^1.5.8
        version: 1.6.12
      html2canvas:
        specifier: ^1.4.1
        version: 1.4.1
      jspdf:
        specifier: ^2.5.1
        version: 2.5.2
      lucide-react:
        specifier: ^0.441.0
        version: 0.441.0(react@18.2.0)
      next:
        specifier: 13.5.6
        version: 13.5.6(react-dom@18.2.0(react@18.2.0))(react@18.2.0)
      react:
        specifier: 18.2.0
        version: 18.2.0
      react-chartjs-2:
        specifier: ^5.2.0
        version: 5.3.0(chart.js@4.5.0)(react@18.2.0)
      react-dom:
        specifier: 18.2.0
        version: 18.2.0(react@18.2.0)
      react-hook-form:
        specifier: ^7.51.3
        version: 7.62.0(react@18.2.0)
      reactflow:
        specifier: ^11.10.4
        version: 11.11.4(@types/react@18.2.14)(react-dom@18.2.0(react@18.2.0))(react@18.2.0)
      video.js:
        specifier: ^8.12.0
        version: 8.23.4
      zod:
        specifier: ^3.23.8
        version: 3.25.76
      zustand:
        specifier: ^4.5.2
        version: 4.5.7(@types/react@18.2.14)(react@18.2.0)
    devDependencies:
      '@types/node':
        specifier: 20.4.2
        version: 20.4.2
      '@types/react':
        specifier: 18.2.14
        version: 18.2.14
      '@types/react-dom':
        specifier: 18.2.6
        version: 18.2.6
      typescript:
        specifier: 5.2.2
        version: 5.2.2

packages:

  '@babel/runtime@7.28.4':
    resolution: {integrity: sha512-Q/N6JNWvIvPnLDvjlE1OUBLPQHH6l3CltCEsHIujp45zQUSSh8K+gHnaEX45yAT1nyngnINhvWtzN+Nb9D8RAQ==}
    engines: {node: '>=6.9.0'}

  '@dnd-kit/accessibility@3.1.1':
    resolution: {integrity: sha512-2P+YgaXF+gRsIihwwY1gCsQSYnu9Zyj2py8kY5fFvUM1qm2WA2u639R6YNVfU4GWr+ZM5mqEsfHZZLoRONbemw==}
    peerDependencies:
      react: '>=16.8.0'

  '@dnd-kit/core@6.3.1':
    resolution: {integrity: sha512-xkGBRQQab4RLwgXxoqETICr6S5JlogafbhNsidmrkVv2YRs5MLwpjoF2qpiGjQt8S9AoxtIV603s0GIUpY5eYQ==}
    peerDependencies:
      react: '>=16.8.0'
      react-dom: '>=16.8.0'

  '@dnd-kit/sortable@7.0.2':
    resolution: {integrity: sha512-wDkBHHf9iCi1veM834Gbk1429bd4lHX4RpAwT0y2cHLf246GAvU2sVw/oxWNpPKQNQRQaeGXhAVgrOl1IT+iyA==}
    peerDependencies:
      '@dnd-kit/core': ^6.0.7
      react: '>=16.8.0'

  '@dnd-kit/utilities@3.2.2':
    resolution: {integrity: sha512-+MKAJEOfaBe5SmV6t34p80MMKhjvUz0vRrvVJbPT0WElzaOJ/1xs+D+KDv+tD/NE5ujfrChEcshd4fLn0wpiqg==}
    peerDependencies:
      react: '>=16.8.0'

  '@hookform/resolvers@3.10.0':
    resolution: {integrity: sha512-79Dv+3mDF7i+2ajj7SkypSKHhl1cbln1OGavqrsF7p6mbUv11xpqpacPsGDCTRvCSjEEIez2ef1NveSVL3b0Ag==}
    peerDependencies:
      react-hook-form: ^7.0.0

  '@kurkle/color@0.3.4':
    resolution: {integrity: sha512-M5UknZPHRu3DEDWoipU6sE8PdkZ6Z/S+v4dD+Ke8IaNlpdSQah50lz1KtcFBa2vsdOnwbbnxJwVM4wty6udA5w==}

  '@monaco-editor/loader@1.5.0':
    resolution: {integrity: sha512-hKoGSM+7aAc7eRTRjpqAZucPmoNOC4UUbknb/VNoTkEIkCPhqV8LfbsgM1webRM7S/z21eHEx9Fkwx8Z/C/+Xw==}

  '@monaco-editor/react@4.7.0':
    resolution: {integrity: sha512-cyzXQCtO47ydzxpQtCGSQGOC8Gk3ZUeBXFAxD+CWXYFo5OqZyZUonFl0DwUlTyAfRHntBfw2p3w4s9R6oe1eCA==}
    peerDependencies:
      monaco-editor: '>= 0.25.0 < 1'
      react: ^16.8.0 || ^17.0.0 || ^18.0.0 || ^19.0.0
      react-dom: ^16.8.0 || ^17.0.0 || ^18.0.0 || ^19.0.0

  '@next/env@13.5.6':
    resolution: {integrity: sha512-Yac/bV5sBGkkEXmAX5FWPS9Mmo2rthrOPRQQNfycJPkjUAUclomCPH7QFVCDQ4Mp2k2K1SSM6m0zrxYrOwtFQw==}

  '@next/swc-darwin-arm64@13.5.6':
    resolution: {integrity: sha512-5nvXMzKtZfvcu4BhtV0KH1oGv4XEW+B+jOfmBdpFI3C7FrB/MfujRpWYSBBO64+qbW8pkZiSyQv9eiwnn5VIQA==}
    engines: {node: '>= 10'}
    cpu: [arm64]
    os: [darwin]

  '@next/swc-darwin-x64@13.5.6':
    resolution: {integrity: sha512-6cgBfxg98oOCSr4BckWjLLgiVwlL3vlLj8hXg2b+nDgm4bC/qVXXLfpLB9FHdoDu4057hzywbxKvmYGmi7yUzA==}
    engines: {node: '>= 10'}
    cpu: [x64]
    os: [darwin]

  '@next/swc-linux-arm64-gnu@13.5.6':
    resolution: {integrity: sha512-txagBbj1e1w47YQjcKgSU4rRVQ7uF29YpnlHV5xuVUsgCUf2FmyfJ3CPjZUvpIeXCJAoMCFAoGnbtX86BK7+sg==}
    engines: {node: '>= 10'}
    cpu: [arm64]
    os: [linux]

  '@next/swc-linux-arm64-musl@13.5.6':
    resolution: {integrity: sha512-cGd+H8amifT86ZldVJtAKDxUqeFyLWW+v2NlBULnLAdWsiuuN8TuhVBt8ZNpCqcAuoruoSWynvMWixTFcroq+Q==}
    engines: {node: '>= 10'}
    cpu: [arm64]
    os: [linux]

  '@next/swc-linux-x64-gnu@13.5.6':
    resolution: {integrity: sha512-Mc2b4xiIWKXIhBy2NBTwOxGD3nHLmq4keFk+d4/WL5fMsB8XdJRdtUlL87SqVCTSaf1BRuQQf1HvXZcy+rq3Nw==}
    engines: {node: '>= 10'}
    cpu: [x64]
    os: [linux]

  '@next/swc-linux-x64-musl@13.5.6':
    resolution: {integrity: sha512-CFHvP9Qz98NruJiUnCe61O6GveKKHpJLloXbDSWRhqhkJdZD2zU5hG+gtVJR//tyW897izuHpM6Gtf6+sNgJPQ==}
    engines: {node: '>= 10'}
    cpu: [x64]
    os: [linux]

  '@next/swc-win32-arm64-msvc@13.5.6':
    resolution: {integrity: sha512-aFv1ejfkbS7PUa1qVPwzDHjQWQtknzAZWGTKYIAaS4NMtBlk3VyA6AYn593pqNanlicewqyl2jUhQAaFV/qXsg==}
    engines: {node: '>= 10'}
    cpu: [arm64]
    os: [win32]

  '@next/swc-win32-ia32-msvc@13.5.6':
    resolution: {integrity: sha512-XqqpHgEIlBHvzwG8sp/JXMFkLAfGLqkbVsyN+/Ih1mR8INb6YCc2x/Mbwi6hsAgUnqQztz8cvEbHJUbSl7RHDg==}
    engines: {node: '>= 10'}
    cpu: [ia32]
    os: [win32]

  '@next/swc-win32-x64-msvc@13.5.6':
    resolution: {integrity: sha512-Cqfe1YmOS7k+5mGu92nl5ULkzpKuxJrP3+4AEuPmrpFZ3BHxTY3TnHmU1On3bFmFFs6FbTcdF58CCUProGpIGQ==}
    engines: {node: '>= 10'}
    cpu: [x64]
    os: [win32]

  '@reactflow/background@11.3.14':
    resolution: {integrity: sha512-Gewd7blEVT5Lh6jqrvOgd4G6Qk17eGKQfsDXgyRSqM+CTwDqRldG2LsWN4sNeno6sbqVIC2fZ+rAUBFA9ZEUDA==}
    peerDependencies:
      react: '>=17'
      react-dom: '>=17'

  '@reactflow/controls@11.2.14':
    resolution: {integrity: sha512-MiJp5VldFD7FrqaBNIrQ85dxChrG6ivuZ+dcFhPQUwOK3HfYgX2RHdBua+gx+40p5Vw5It3dVNp/my4Z3jF0dw==}
    peerDependencies:
      react: '>=17'
      react-dom: '>=17'

  '@reactflow/core@11.11.4':
    resolution: {integrity: sha512-H4vODklsjAq3AMq6Np4LE12i1I4Ta9PrDHuBR9GmL8uzTt2l2jh4CiQbEMpvMDcp7xi4be0hgXj+Ysodde/i7Q==}
    peerDependencies:
      react: '>=17'
      react-dom: '>=17'

  '@reactflow/minimap@11.7.14':
    resolution: {integrity: sha512-mpwLKKrEAofgFJdkhwR5UQ1JYWlcAAL/ZU/bctBkuNTT1yqV+y0buoNVImsRehVYhJwffSWeSHaBR5/GJjlCSQ==}
    peerDependencies:
      react: '>=17'
      react-dom: '>=17'

  '@reactflow/node-resizer@2.2.14':
    resolution: {integrity: sha512-fwqnks83jUlYr6OHcdFEedumWKChTHRGw/kbCxj0oqBd+ekfs+SIp4ddyNU0pdx96JIm5iNFS0oNrmEiJbbSaA==}
    peerDependencies:
      react: '>=17'
      react-dom: '>=17'

  '@reactflow/node-toolbar@1.3.14':
    resolution: {integrity: sha512-rbynXQnH/xFNu4P9H+hVqlEUafDCkEoCy0Dg9mG22Sg+rY/0ck6KkrAQrYrTgXusd+cEJOMK0uOOFCK2/5rSGQ==}
    peerDependencies:
      react: '>=17'
      react-dom: '>=17'

  '@swc/helpers@0.5.2':
    resolution: {integrity: sha512-E4KcWTpoLHqwPHLxidpOqQbcrZVgi0rsmmZXUle1jXmJfuIf/UWpczUJ7MZZ5tlxytgJXyp0w4PGkkeLiuIdZw==}

  '@tanstack/query-core@5.87.4':
    resolution: {integrity: sha512-uNsg6zMxraEPDVO2Bn+F3/ctHi+Zsk+MMpcN8h6P7ozqD088F6mFY5TfGM7zuyIrL7HKpDyu6QHfLWiDxh3cuw==}

  '@tanstack/react-query@5.87.4':
    resolution: {integrity: sha512-T5GT/1ZaNsUXf5I3RhcYuT17I4CPlbZgyLxc/ZGv7ciS6esytlbjb3DgUFO6c8JWYMDpdjSWInyGZUErgzqhcA==}
    peerDependencies:
      react: ^18 || ^19

  '@types/d3-array@3.2.2':
    resolution: {integrity: sha512-hOLWVbm7uRza0BYXpIIW5pxfrKe0W+D5lrFiAEYR+pb6w3N2SwSMaJbXdUfSEv+dT4MfHBLtn5js0LAWaO6otw==}

  '@types/d3-axis@3.0.6':
    resolution: {integrity: sha512-pYeijfZuBd87T0hGn0FO1vQ/cgLk6E1ALJjfkC0oJ8cbwkZl3TpgS8bVBLZN+2jjGgg38epgxb2zmoGtSfvgMw==}

  '@types/d3-brush@3.0.6':
    resolution: {integrity: sha512-nH60IZNNxEcrh6L1ZSMNA28rj27ut/2ZmI3r96Zd+1jrZD++zD3LsMIjWlvg4AYrHn/Pqz4CF3veCxGjtbqt7A==}

  '@types/d3-chord@3.0.6':
    resolution: {integrity: sha512-LFYWWd8nwfwEmTZG9PfQxd17HbNPksHBiJHaKuY1XeqscXacsS2tyoo6OdRsjf+NQYeB6XrNL3a25E3gH69lcg==}

  '@types/d3-color@3.1.3':
    resolution: {integrity: sha512-iO90scth9WAbmgv7ogoq57O9YpKmFBbmoEoCHDB2xMBY0+/KVrqAaCDyCE16dUspeOvIxFFRI+0sEtqDqy2b4A==}

  '@types/d3-contour@3.0.6':
    resolution: {integrity: sha512-BjzLgXGnCWjUSYGfH1cpdo41/hgdWETu4YxpezoztawmqsvCeep+8QGfiY6YbDvfgHz/DkjeIkkZVJavB4a3rg==}

  '@types/d3-delaunay@6.0.4':
    resolution: {integrity: sha512-ZMaSKu4THYCU6sV64Lhg6qjf1orxBthaC161plr5KuPHo3CNm8DTHiLw/5Eq2b6TsNP0W0iJrUOFscY6Q450Hw==}

  '@types/d3-dispatch@3.0.7':
    resolution: {integrity: sha512-5o9OIAdKkhN1QItV2oqaE5KMIiXAvDWBDPrD85e58Qlz1c1kI/J0NcqbEG88CoTwJrYe7ntUCVfeUl2UJKbWgA==}

  '@types/d3-drag@3.0.7':
    resolution: {integrity: sha512-HE3jVKlzU9AaMazNufooRJ5ZpWmLIoc90A37WU2JMmeq28w1FQqCZswHZ3xR+SuxYftzHq6WU6KJHvqxKzTxxQ==}

  '@types/d3-dsv@3.0.7':
    resolution: {integrity: sha512-n6QBF9/+XASqcKK6waudgL0pf/S5XHPPI8APyMLLUHd8NqouBGLsU8MgtO7NINGtPBtk9Kko/W4ea0oAspwh9g==}

  '@types/d3-ease@3.0.2':
    resolution: {integrity: sha512-NcV1JjO5oDzoK26oMzbILE6HW7uVXOHLQvHshBUW4UMdZGfiY6v5BeQwh9a9tCzv+CeefZQHJt5SRgK154RtiA==}

  '@types/d3-fetch@3.0.7':
    resolution: {integrity: sha512-fTAfNmxSb9SOWNB9IoG5c8Hg6R+AzUHDRlsXsDZsNp6sxAEOP0tkP3gKkNSO/qmHPoBFTxNrjDprVHDQDvo5aA==}

  '@types/d3-force@3.0.10':
    resolution: {integrity: sha512-ZYeSaCF3p73RdOKcjj+swRlZfnYpK1EbaDiYICEEp5Q6sUiqFaFQ9qgoshp5CzIyyb/yD09kD9o2zEltCexlgw==}

  '@types/d3-format@3.0.4':
    resolution: {integrity: sha512-fALi2aI6shfg7vM5KiR1wNJnZ7r6UuggVqtDA+xiEdPZQwy/trcQaHnwShLuLdta2rTymCNpxYTiMZX/e09F4g==}

  '@types/d3-geo@3.1.0':
    resolution: {integrity: sha512-856sckF0oP/diXtS4jNsiQw/UuK5fQG8l/a9VVLeSouf1/PPbBE1i1W852zVwKwYCBkFJJB7nCFTbk6UMEXBOQ==}

  '@types/d3-hierarchy@3.1.7':
    resolution: {integrity: sha512-tJFtNoYBtRtkNysX1Xq4sxtjK8YgoWUNpIiUee0/jHGRwqvzYxkq0hGVbbOGSz+JgFxxRu4K8nb3YpG3CMARtg==}

  '@types/d3-interpolate@3.0.4':
    resolution: {integrity: sha512-mgLPETlrpVV1YRJIglr4Ez47g7Yxjl1lj7YKsiMCb27VJH9W8NVM6Bb9d8kkpG/uAQS5AmbA48q2IAolKKo1MA==}

  '@types/d3-path@3.1.1':
    resolution: {integrity: sha512-VMZBYyQvbGmWyWVea0EHs/BwLgxc+MKi1zLDCONksozI4YJMcTt8ZEuIR4Sb1MMTE8MMW49v0IwI5+b7RmfWlg==}

  '@types/d3-polygon@3.0.2':
    resolution: {integrity: sha512-ZuWOtMaHCkN9xoeEMr1ubW2nGWsp4nIql+OPQRstu4ypeZ+zk3YKqQT0CXVe/PYqrKpZAi+J9mTs05TKwjXSRA==}

  '@types/d3-quadtree@3.0.6':
    resolution: {integrity: sha512-oUzyO1/Zm6rsxKRHA1vH0NEDG58HrT5icx/azi9MF1TWdtttWl0UIUsjEQBBh+SIkrpd21ZjEv7ptxWys1ncsg==}

  '@types/d3-random@3.0.3':
    resolution: {integrity: sha512-Imagg1vJ3y76Y2ea0871wpabqp613+8/r0mCLEBfdtqC7xMSfj9idOnmBYyMoULfHePJyxMAw3nWhJxzc+LFwQ==}

  '@types/d3-scale-chromatic@3.1.0':
    resolution: {integrity: sha512-iWMJgwkK7yTRmWqRB5plb1kadXyQ5Sj8V/zYlFGMUBbIPKQScw+Dku9cAAMgJG+z5GYDoMjWGLVOvjghDEFnKQ==}

  '@types/d3-scale@4.0.9':
    resolution: {integrity: sha512-dLmtwB8zkAeO/juAMfnV+sItKjlsw2lKdZVVy6LRr0cBmegxSABiLEpGVmSJJ8O08i4+sGR6qQtb6WtuwJdvVw==}

  '@types/d3-selection@3.0.11':
    resolution: {integrity: sha512-bhAXu23DJWsrI45xafYpkQ4NtcKMwWnAC/vKrd2l+nxMFuvOT3XMYTIj2opv8vq8AO5Yh7Qac/nSeP/3zjTK0w==}

  '@types/d3-shape@3.1.7':
    resolution: {integrity: sha512-VLvUQ33C+3J+8p+Daf+nYSOsjB4GXp19/S/aGo60m9h1v6XaxjiT82lKVWJCfzhtuZ3yD7i/TPeC/fuKLLOSmg==}

  '@types/d3-time-format@4.0.3':
    resolution: {integrity: sha512-5xg9rC+wWL8kdDj153qZcsJ0FWiFt0J5RB6LYUNZjwSnesfblqrI/bJ1wBdJ8OQfncgbJG5+2F+qfqnqyzYxyg==}

  '@types/d3-time@3.0.4':
    resolution: {integrity: sha512-yuzZug1nkAAaBlBBikKZTgzCeA+k1uy4ZFwWANOfKw5z5LRhV0gNA7gNkKm7HoK+HRN0wX3EkxGk0fpbWhmB7g==}

  '@types/d3-timer@3.0.2':
    resolution: {integrity: sha512-Ps3T8E8dZDam6fUyNiMkekK3XUsaUEik+idO9/YjPtfj2qruF8tFBXS7XhtE4iIXBLxhmLjP3SXpLhVf21I9Lw==}

  '@types/d3-transition@3.0.9':
    resolution: {integrity: sha512-uZS5shfxzO3rGlu0cC3bjmMFKsXv+SmZZcgp0KD22ts4uGXp5EVYGzu/0YdwZeKmddhcAccYtREJKkPfXkZuCg==}

  '@types/d3-zoom@3.0.8':
    resolution: {integrity: sha512-iqMC4/YlFCSlO8+2Ii1GGGliCAY4XdeG748w5vQUbevlbDu0zSjH/+jojorQVBK/se0j6DUFNPBGSqD3YWYnDw==}

  '@types/d3@7.4.3':
    resolution: {integrity: sha512-lZXZ9ckh5R8uiFVt8ogUNf+pIrK4EsWrx2Np75WvF/eTpJ0FMHNhjXk8CKEx/+gpHbNQyJWehbFaTvqmHWB3ww==}

  '@types/geojson@7946.0.16':
    resolution: {integrity: sha512-6C8nqWur3j98U6+lXDfTUWIfgvZU+EumvpHKcYjujKH7woYyLj2sUmff0tRhrqM7BohUw7Pz3ZB1jj2gW9Fvmg==}

  '@types/node@20.4.2':
    resolution: {integrity: sha512-Dd0BYtWgnWJKwO1jkmTrzofjK2QXXcai0dmtzvIBhcA+RsG5h8R3xlyta0kGOZRNfL9GuRtb1knmPEhQrePCEw==}

  '@types/prop-types@15.7.15':
    resolution: {integrity: sha512-F6bEyamV9jKGAFBEmlQnesRPGOQqS2+Uwi0Em15xenOxHaf2hv6L8YCVn3rPdPJOiJfPiCnLIRyvwVaqMY3MIw==}

  '@types/raf@3.4.3':
    resolution: {integrity: sha512-c4YAvMedbPZ5tEyxzQdMoOhhJ4RD3rngZIdwC2/qDN3d7JpEhB6fiBRKVY1lg5B7Wk+uPBjn5f39j1/2MY1oOw==}

  '@types/react-dom@18.2.6':
    resolution: {integrity: sha512-2et4PDvg6PVCyS7fuTc4gPoksV58bW0RwSxWKcPRcHZf0PRUGq03TKcD/rUHe3azfV6/5/biUBJw+HhCQjaP0A==}

  '@types/react@18.2.14':
    resolution: {integrity: sha512-A0zjq+QN/O0Kpe30hA1GidzyFjatVvrpIvWLxD+xv67Vt91TWWgco9IvrJBkeyHm1trGaFS/FSGqPlhyeZRm0g==}

  '@types/scheduler@0.26.0':
    resolution: {integrity: sha512-WFHp9YUJQ6CKshqoC37iOlHnQSmxNc795UhB26CyBBttrN9svdIrUjl/NjnNmfcwtncN0h/0PPAFWv9ovP8mLA==}

  '@types/trusted-types@1.0.6':
    resolution: {integrity: sha512-230RC8sFeHoT6sSUlRO6a8cAnclO06eeiq1QDfiv2FGCLWFvvERWgwIQD4FWqD9A69BN7Lzee4OXwoMVnnsWDw==}

  '@videojs/http-streaming@3.17.2':
    resolution: {integrity: sha512-VBQ3W4wnKnVKb/limLdtSD2rAd5cmHN70xoMf4OmuDd0t2kfJX04G+sfw6u2j8oOm2BXYM9E1f4acHruqKnM1g==}
    engines: {node: '>=8', npm: '>=5'}
    peerDependencies:
      video.js: ^8.19.0

  '@videojs/vhs-utils@4.1.1':
    resolution: {integrity: sha512-5iLX6sR2ownbv4Mtejw6Ax+naosGvoT9kY+gcuHzANyUZZ+4NpeNdKMUhb6ag0acYej1Y7cmr/F2+4PrggMiVA==}
    engines: {node: '>=8', npm: '>=5'}

  '@videojs/xhr@2.7.0':
    resolution: {integrity: sha512-giab+EVRanChIupZK7gXjHy90y3nncA2phIOyG3Ne5fvpiMJzvqYwiTOnEVW2S4CoYcuKJkomat7bMXA/UoUZQ==}

  '@xmldom/xmldom@0.8.11':
    resolution: {integrity: sha512-cQzWCtO6C8TQiYl1ruKNn2U6Ao4o4WBBcbL61yJl84x+j5sOWWFU9X7DpND8XZG3daDppSsigMdfAIl2upQBRw==}
    engines: {node: '>=10.0.0'}

  aes-decrypter@4.0.2:
    resolution: {integrity: sha512-lc+/9s6iJvuaRe5qDlMTpCFjnwpkeOXp8qP3oiZ5jsj1MRg+SBVUmmICrhxHvc8OELSmc+fEyyxAuppY6hrWzw==}

  atob@2.1.2:
    resolution: {integrity: sha512-Wm6ukoaOGJi/73p/cl2GvLjTI5JM1k/O14isD73YML8StrH/7/lRFgmg8nICZgD3bZZvjwCGxtMOD3wWNAu8cg==}
    engines: {node: '>= 4.5.0'}
    hasBin: true

  base64-arraybuffer@1.0.2:
    resolution: {integrity: sha512-I3yl4r9QB5ZRY3XuJVEPfc2XhZO6YweFPI+UovAzn+8/hb3oJ6lnysaFcjVpkCPfVWFUDvoZ8kmVDP7WyRtYtQ==}
    engines: {node: '>= 0.6.0'}

  btoa@1.2.1:
    resolution: {integrity: sha512-SB4/MIGlsiVkMcHmT+pSmIPoNDoHg+7cMzmt3Uxt628MTz2487DKSqK/fuhFBrkuqrYv5UCEnACpF4dTFNKc/g==}
    engines: {node: '>= 0.4.0'}
    hasBin: true

  busboy@1.6.0:
    resolution: {integrity: sha512-8SFQbg/0hQ9xy3UNTB0YEnsNBbWfhf7RtnzpL7TkBiTBRfrQ9Fxcnz7VJsleJpyp6rVLvXiuORqjlHi5q+PYuA==}
    engines: {node: '>=10.16.0'}

  caniuse-lite@1.0.30001741:
    resolution: {integrity: sha512-QGUGitqsc8ARjLdgAfxETDhRbJ0REsP6O3I96TAth/mVjh2cYzN2u+3AzPP3aVSm2FehEItaJw1xd+IGBXWeSw==}

  canvg@3.0.11:
    resolution: {integrity: sha512-5ON+q7jCTgMp9cjpu4Jo6XbvfYwSB2Ow3kzHKfIyJfaCAOHLbdKPQqGKgfED/R5B+3TFFfe8pegYA+b423SRyA==}
    engines: {node: '>=10.0.0'}

  chart.js@4.5.0:
    resolution: {integrity: sha512-aYeC/jDgSEx8SHWZvANYMioYMZ2KX02W6f6uVfyteuCGcadDLcYVHdfdygsTQkQ4TKn5lghoojAsPj5pu0SnvQ==}
    engines: {pnpm: '>=8'}

  classcat@5.0.5:
    resolution: {integrity: sha512-JhZUT7JFcQy/EzW605k/ktHtncoo9vnyW/2GspNYwFlN1C/WmjuV/xtS04e9SOkL2sTdw0VAZ2UGCcQ9lR6p6w==}

  client-only@0.0.1:
    resolution: {integrity: sha512-IV3Ou0jSMzZrd3pZ48nLkT9DA7Ag1pnPzaiQhpW7c3RbcqqzvzzVu+L8gfqMp/8IM2MQtSiqaCxrrcfu8I8rMA==}

  core-js@3.45.1:
    resolution: {integrity: sha512-L4NPsJlCfZsPeXukyzHFlg/i7IIVwHSItR0wg0FLNqYClJ4MQYTYLbC7EkjKYRLZF2iof2MUgN0EGy7MdQFChg==}

  css-line-break@2.1.0:
    resolution: {integrity: sha512-FHcKFCZcAha3LwfVBhCQbW2nCNbkZXn7KVUJcsT5/P8YmfsVja0FMPJr0B903j/E69HUphKiV9iQArX8SDYA4w==}

  csstype@3.1.3:
    resolution: {integrity: sha512-M1uQkMl8rQK/szD0LNhtqxIPLpimGm8sOBwU7lLnCpSbTyY3yeU1Vc7l4KT5zT4s/yOxHH5O7tIuuLOCnLADRw==}

  d3-color@3.1.0:
    resolution: {integrity: sha512-zg/chbXyeBtMQ1LbD/WSoW2DpC3I0mpmPdW+ynRTj/x2DAWYrIY7qeZIHidozwV24m4iavr15lNwIwLxRmOxhA==}
    engines: {node: '>=12'}

  d3-dispatch@3.0.1:
    resolution: {integrity: sha512-rzUyPU/S7rwUflMyLc1ETDeBj0NRuHKKAcvukozwhshr6g6c5d8zh4c2gQjY2bZ0dXeGLWc1PF174P2tVvKhfg==}
    engines: {node: '>=12'}

  d3-drag@3.0.0:
    resolution: {integrity: sha512-pWbUJLdETVA8lQNJecMxoXfH6x+mO2UQo8rSmZ+QqxcbyA3hfeprFgIT//HW2nlHChWeIIMwS2Fq+gEARkhTkg==}
    engines: {node: '>=12'}

  d3-ease@3.0.1:
    resolution: {integrity: sha512-wR/XK3D3XcLIZwpbvQwQ5fK+8Ykds1ip7A2Txe0yxncXSdq1L9skcG7blcedkOX+ZcgxGAmLX1FrRGbADwzi0w==}
    engines: {node: '>=12'}

  d3-interpolate@3.0.1:
    resolution: {integrity: sha512-3bYs1rOD33uo8aqJfKP3JWPAibgw8Zm2+L9vBKEHJ2Rg+viTR7o5Mmv5mZcieN+FRYaAOWX5SJATX6k1PWz72g==}
    engines: {node: '>=12'}

  d3-selection@3.0.0:
    resolution: {integrity: sha512-fmTRWbNMmsmWq6xJV8D19U/gw/bwrHfNXxrIN+HfZgnzqTHp9jOmKMhsTUjXOJnZOdZY9Q28y4yebKzqDKlxlQ==}
    engines: {node: '>=12'}

  d3-timer@3.0.1:
    resolution: {integrity: sha512-ndfJ/JxxMd3nw31uyKoY2naivF+r29V+Lc0svZxe1JvvIRmi8hUsrMvdOwgS1o6uBHmiz91geQ0ylPP0aj1VUA==}
    engines: {node: '>=12'}

  d3-transition@3.0.1:
    resolution: {integrity: sha512-ApKvfjsSR6tg06xrL434C0WydLr7JewBB3V+/39RMHsaXTOG0zmt/OAXeng5M5LBm0ojmxJrpomQVZ1aPvBL4w==}
    engines: {node: '>=12'}
    peerDependencies:
      d3-selection: 2 - 3

  d3-zoom@3.0.0:
    resolution: {integrity: sha512-b8AmV3kfQaqWAuacbPuNbL6vahnOJflOhexLzMMNLga62+/nh0JzvJ0aO/5a5MVgUFGS7Hu1P9P03o3fJkDCyw==}
    engines: {node: '>=12'}

  dom-walk@0.1.2:
    resolution: {integrity: sha512-6QvTW9mrGeIegrFXdtQi9pk7O/nSK6lSdXW2eqUspN5LWD7UTji2Fqw5V2YLjBpHEoU9Xl/eUWNpDeZvoyOv2w==}

  dompurify@2.5.8:
    resolution: {integrity: sha512-o1vSNgrmYMQObbSSvF/1brBYEQPHhV1+gsmrusO7/GXtp1T9rCS8cXFqVxK/9crT1jA6Ccv+5MTSjBNqr7Sovw==}

  fflate@0.8.2:
    resolution: {integrity: sha512-cPJU47OaAoCbg0pBvzsgpTPhmhqI5eJjh/JIu8tPj5q+T7iLvW/JAYUqmE7KOB4R1ZyEhzBaIQpQpardBF5z8A==}

  glob-to-regexp@0.4.1:
    resolution: {integrity: sha512-lkX1HJXwyMcprw/5YUZc2s7DrpAiHB21/V+E1rHUrVNokkvB6bqMzT0VfV6/86ZNabt1k14YOIaT7nDvOX3Iiw==}

  global@4.4.0:
    resolution: {integrity: sha512-wv/LAoHdRE3BeTGz53FAamhGlPLhlssK45usmGFThIi4XqnBmjKQ16u+RNbP7WvigRZDxUsM0J3gcQ5yicaL0w==}

  graceful-fs@4.2.11:
    resolution: {integrity: sha512-RbJ5/jmFcNNCcDV5o9eTnBLJ/HszWV0P73bc+Ff4nS/rJj+YaS6IGyiOL0VoBYX+l1Wrl3k63h/KrH+nhJ0XvQ==}

  hls.js@1.6.12:
    resolution: {integrity: sha512-Pz+7IzvkbAht/zXvwLzA/stUHNqztqKvlLbfpq6ZYU68+gZ+CZMlsbQBPUviRap+3IQ41E39ke7Ia+yvhsehEQ==}

  html2canvas@1.4.1:
    resolution: {integrity: sha512-fPU6BHNpsyIhr8yyMpTLLxAbkaK8ArIBcmZIRiBLiDhjeqvXolaEmDGmELFuX9I4xDcaKKcJl+TKZLqruBbmWA==}
    engines: {node: '>=8.0.0'}

  is-function@1.0.2:
    resolution: {integrity: sha512-lw7DUp0aWXYg+CBCN+JKkcE0Q2RayZnSvnZBlwgxHBQhqt5pZNVy4Ri7H9GmmXkdu7LUthszM+Tor1u/2iBcpQ==}

  js-tokens@4.0.0:
    resolution: {integrity: sha512-RdJUflcE3cUzKiMqQgsCu06FPu9UdIJO0beYbPhHN4k6apgJtifcoCtT9bcxOpYBtpD2kCM6Sbzg4CausW/PKQ==}

  jspdf@2.5.2:
    resolution: {integrity: sha512-myeX9c+p7znDWPk0eTrujCzNjT+CXdXyk7YmJq5nD5V7uLLKmSXnlQ/Jn/kuo3X09Op70Apm0rQSnFWyGK8uEQ==}

  loose-envify@1.4.0:
    resolution: {integrity: sha512-lyuxPGr/Wfhrlem2CL/UcnUc1zcqKAImBDzukY7Y5F/yQiNdko6+fRLevlw1HgMySw7f611UIY408EtxRSoK3Q==}
    hasBin: true

  lucide-react@0.441.0:
    resolution: {integrity: sha512-0vfExYtvSDhkC2lqg0zYVW1Uu9GsI4knuV9GP9by5z0Xhc4Zi5RejTxfz9LsjRmCyWVzHCJvxGKZWcRyvQCWVg==}
    peerDependencies:
      react: ^16.5.1 || ^17.0.0 || ^18.0.0 || ^19.0.0-rc

  m3u8-parser@7.2.0:
    resolution: {integrity: sha512-CRatFqpjVtMiMaKXxNvuI3I++vUumIXVVT/JpCpdU/FynV/ceVw1qpPyyBNindL+JlPMSesx+WX1QJaZEJSaMQ==}

  min-document@2.19.0:
    resolution: {integrity: sha512-9Wy1B3m3f66bPPmU5hdA4DR4PB2OfDU/+GS3yAB7IQozE3tqXaVv2zOjgla7MEGSRv95+ILmOuvhLkOK6wJtCQ==}

  monaco-editor@0.53.0:
    resolution: {integrity: sha512-0WNThgC6CMWNXXBxTbaYYcunj08iB5rnx4/G56UOPeL9UVIUGGHA1GR0EWIh9Ebabj7NpCRawQ5b0hfN1jQmYQ==}

  mpd-parser@1.3.1:
    resolution: {integrity: sha512-1FuyEWI5k2HcmhS1HkKnUAQV7yFPfXPht2DnRRGtoiiAAW+ESTbtEXIDpRkwdU+XyrQuwrIym7UkoPKsZ0SyFw==}
    hasBin: true

  mux.js@7.1.0:
    resolution: {integrity: sha512-NTxawK/BBELJrYsZThEulyUMDVlLizKdxyAsMuzoCD1eFj97BVaA8D/CvKsKu6FOLYkFojN5CbM9h++ZTZtknA==}
    engines: {node: '>=8', npm: '>=5'}
    hasBin: true

  nanoid@3.3.11:
    resolution: {integrity: sha512-N8SpfPUnUp1bK+PMYW8qSWdl9U+wwNWI4QKxOYDy9JAro3WMX7p2OeVRF9v+347pnakNevPmiHhNmZ2HbFA76w==}
    engines: {node: ^10 || ^12 || ^13.7 || ^14 || >=15.0.1}
    hasBin: true

  next@13.5.6:
    resolution: {integrity: sha512-Y2wTcTbO4WwEsVb4A8VSnOsG1I9ok+h74q0ZdxkwM3EODqrs4pasq7O0iUxbcS9VtWMicG7f3+HAj0r1+NtKSw==}
    engines: {node: '>=16.14.0'}
    hasBin: true
    peerDependencies:
      '@opentelemetry/api': ^1.1.0
      react: ^18.2.0
      react-dom: ^18.2.0
      sass: ^1.3.0
    peerDependenciesMeta:
      '@opentelemetry/api':
        optional: true
      sass:
        optional: true

  performance-now@2.1.0:
    resolution: {integrity: sha512-7EAHlyLHI56VEIdK57uwHdHKIaAGbnXPiw0yWbarQZOKaKpvUIgW0jWRVLiatnM+XXlSwsanIBH/hzGMJulMow==}

  picocolors@1.1.1:
    resolution: {integrity: sha512-xceH2snhtb5M9liqDsmEw56le376mTZkEX/jEb/RxNFyegNul7eNslCXP9FDj/Lcu0X8KEyMceP2ntpaHrDEVA==}

  pkcs7@1.0.4:
    resolution: {integrity: sha512-afRERtHn54AlwaF2/+LFszyAANTCggGilmcmILUzEjvs3XgFZT+xE6+QWQcAGmu4xajy+Xtj7acLOPdx5/eXWQ==}
    hasBin: true

  postcss@8.4.31:
    resolution: {integrity: sha512-PS08Iboia9mts/2ygV3eLpY5ghnUcfLV/EXTOW1E2qYxJKGGBUtNjN76FYHnMs36RmARn41bC0AZmn+rR0OVpQ==}
    engines: {node: ^10 || ^12 || >=14}

  process@0.11.10:
    resolution: {integrity: sha512-cdGef/drWFoydD1JsMzuFf8100nZl+GT+yacc2bEced5f9Rjk4z+WtFUTBu9PhOi9j/jfmBPu0mMEY4wIdAF8A==}
    engines: {node: '>= 0.6.0'}

  raf@3.4.1:
    resolution: {integrity: sha512-Sq4CW4QhwOHE8ucn6J34MqtZCeWFP2aQSmrlroYgqAV1PjStIhJXxYuTgUIfkEk7zTLjmIjLmU5q+fbD1NnOJA==}

  react-chartjs-2@5.3.0:
    resolution: {integrity: sha512-UfZZFnDsERI3c3CZGxzvNJd02SHjaSJ8kgW1djn65H1KK8rehwTjyrRKOG3VTMG8wtHZ5rgAO5oTHtHi9GCCmw==}
    peerDependencies:
      chart.js: ^4.1.1
      react: ^16.8.0 || ^17.0.0 || ^18.0.0 || ^19.0.0

  react-dom@18.2.0:
    resolution: {integrity: sha512-6IMTriUmvsjHUjNtEDudZfuDQUoWXVxKHhlEGSk81n4YFS+r/Kl99wXiwlVXtPBtJenozv2P+hxDsw9eA7Xo6g==}
    peerDependencies:
      react: ^18.2.0

  react-hook-form@7.62.0:
    resolution: {integrity: sha512-7KWFejc98xqG/F4bAxpL41NB3o1nnvQO1RWZT3TqRZYL8RryQETGfEdVnJN2fy1crCiBLLjkRBVK05j24FxJGA==}
    engines: {node: '>=18.0.0'}
    peerDependencies:
      react: ^16.8.0 || ^17 || ^18 || ^19

  react@18.2.0:
    resolution: {integrity: sha512-/3IjMdb2L9QbBdWiW5e3P2/npwMBaU9mHCSCUzNln0ZCYbcfTsGbTJrU/kGemdH2IWmB2ioZ+zkxtmq6g09fGQ==}
    engines: {node: '>=0.10.0'}

  reactflow@11.11.4:
    resolution: {integrity: sha512-70FOtJkUWH3BAOsN+LU9lCrKoKbtOPnz2uq0CV2PLdNSwxTXOhCbsZr50GmZ+Rtw3jx8Uv7/vBFtCGixLfd4Og==}
    peerDependencies:
      react: '>=17'
      react-dom: '>=17'

  regenerator-runtime@0.13.11:
    resolution: {integrity: sha512-kY1AZVr2Ra+t+piVaJ4gxaFaReZVH40AKNo7UCX6W+dEwBo/2oZJzqfuN1qLq1oL45o56cPaTXELwrTh8Fpggg==}

  rgbcolor@1.0.1:
    resolution: {integrity: sha512-9aZLIrhRaD97sgVhtJOW6ckOEh6/GnvQtdVNfdZ6s67+3/XwLS9lBcQYzEEhYVeUowN7pRzMLsyGhK2i/xvWbw==}
    engines: {node: '>= 0.8.15'}

  scheduler@0.23.2:
    resolution: {integrity: sha512-UOShsPwz7NrMUqhR6t0hWjFduvOzbtv7toDH1/hIrfRNIDBnnBWd0CwJTGvTpngVlmwGCdP9/Zl/tVrDqcuYzQ==}

  source-map-js@1.2.1:
    resolution: {integrity: sha512-UXWMKhLOwVKb728IUtQPXxfYU+usdybtUrK/8uGE8CQMvrhOpwvzDBwj0QhSL7MQc7vIsISBG8VQ8+IDQxpfQA==}
    engines: {node: '>=0.10.0'}

  stackblur-canvas@2.7.0:
    resolution: {integrity: sha512-yf7OENo23AGJhBriGx0QivY5JP6Y1HbrrDI6WLt6C5auYZXlQrheoY8hD4ibekFKz1HOfE48Ww8kMWMnJD/zcQ==}
    engines: {node: '>=0.1.14'}

  state-local@1.0.7:
    resolution: {integrity: sha512-HTEHMNieakEnoe33shBYcZ7NX83ACUjCu8c40iOGEZsngj9zRnkqS9j1pqQPXwobB0ZcVTk27REb7COQ0UR59w==}

  streamsearch@1.1.0:
    resolution: {integrity: sha512-Mcc5wHehp9aXz1ax6bZUyY5afg9u2rv5cqQI3mRrYkGC8rW2hM02jWuwjtL++LS5qinSyhj2QfLyNsuc+VsExg==}
    engines: {node: '>=10.0.0'}

  styled-jsx@5.1.1:
    resolution: {integrity: sha512-pW7uC1l4mBZ8ugbiZrcIsiIvVx1UmTfw7UkC3Um2tmfUq9Bhk8IiyEIPl6F8agHgjzku6j0xQEZbfA5uSgSaCw==}
    engines: {node: '>= 12.0.0'}
    peerDependencies:
      '@babel/core': '*'
      babel-plugin-macros: '*'
      react: '>= 16.8.0 || 17.x.x || ^18.0.0-0'
    peerDependenciesMeta:
      '@babel/core':
        optional: true
      babel-plugin-macros:
        optional: true

  svg-pathdata@6.0.3:
    resolution: {integrity: sha512-qsjeeq5YjBZ5eMdFuUa4ZosMLxgr5RZ+F+Y1OrDhuOCEInRMA3x74XdBtggJcj9kOeInz0WE+LgCPDkZFlBYJw==}
    engines: {node: '>=12.0.0'}

  text-segmentation@1.0.3:
    resolution: {integrity: sha512-iOiPUo/BGnZ6+54OsWxZidGCsdU8YbE4PSpdPinp7DeMtUJNJBoJ/ouUSTJjHkh1KntHaltHl/gDs2FC4i5+Nw==}

  tslib@2.8.1:
    resolution: {integrity: sha512-oJFu94HQb+KVduSUQL7wnpmqnfmLsOA/nAh6b6EH0wCEoK0/mPeXU6c3wKDV83MkOuHPRHtSXKKU99IBazS/2w==}

  typescript@5.2.2:
    resolution: {integrity: sha512-mI4WrpHsbCIcwT9cF4FZvr80QUeKvsUsUvKDoR+X/7XHQH98xYD8YHZg7ANtz2GtZt/CBq2QJ0thkGJMHfqc1w==}
    engines: {node: '>=14.17'}
    hasBin: true

  use-sync-external-store@1.5.0:
    resolution: {integrity: sha512-Rb46I4cGGVBmjamjphe8L/UnvJD+uPPtTkNvX5mZgqdbavhI4EbgIWJiIHXJ8bc/i9EQGPRh4DwEURJ552Do0A==}
    peerDependencies:
      react: ^16.8.0 || ^17.0.0 || ^18.0.0 || ^19.0.0

  utrie@1.0.2:
    resolution: {integrity: sha512-1MLa5ouZiOmQzUbjbu9VmjLzn1QLXBhwpUa7kdLUQK+KQ5KA9I1vk5U4YHe/X2Ch7PYnJfWuWT+VbuxbGwljhw==}

  video.js@8.23.4:
    resolution: {integrity: sha512-qI0VTlYmKzEqRsz1Nppdfcaww4RSxZAq77z2oNSl3cNg2h6do5C8Ffl0KqWQ1OpD8desWXsCrde7tKJ9gGTEyQ==}

  videojs-contrib-quality-levels@4.1.0:
    resolution: {integrity: sha512-TfrXJJg1Bv4t6TOCMEVMwF/CoS8iENYsWNKip8zfhB5kTcegiFYezEA0eHAJPU64ZC8NQbxQgOwAsYU8VXbOWA==}
    engines: {node: '>=16', npm: '>=8'}
    peerDependencies:
      video.js: ^8

  videojs-font@4.2.0:
    resolution: {integrity: sha512-YPq+wiKoGy2/M7ccjmlvwi58z2xsykkkfNMyIg4xb7EZQQNwB71hcSsB3o75CqQV7/y5lXkXhI/rsGAS7jfEmQ==}

  videojs-vtt.js@0.15.5:
    resolution: {integrity: sha512-yZbBxvA7QMYn15Lr/ZfhhLPrNpI/RmCSCqgIff57GC2gIrV5YfyzLfLyZMj0NnZSAz8syB4N0nHXpZg9MyrMOQ==}

  watchpack@2.4.0:
    resolution: {integrity: sha512-Lcvm7MGST/4fup+ifyKi2hjyIAwcdI4HRgtvTpIUxBRhB+RFtUh8XtDOxUfctVCnhVi+QQj49i91OyvzkJl6cg==}
    engines: {node: '>=10.13.0'}

  zod@3.25.76:
    resolution: {integrity: sha512-gzUt/qt81nXsFGKIFcC3YnfEAx5NkunCfnDlvuBSSFS02bcXu4Lmea0AFIUwbLWxWPx3d9p8S5QoaujKcNQxcQ==}

  zustand@4.5.7:
    resolution: {integrity: sha512-CHOUy7mu3lbD6o6LJLfllpjkzhHXSBlX8B9+qPddUsIfeF5S/UZ5q0kmCsnRqT1UHFQZchNFDDzMbQsuesHWlw==}
    engines: {node: '>=12.7.0'}
    peerDependencies:
      '@types/react': '>=16.8'
      immer: '>=9.0.6'
      react: '>=16.8'
    peerDependenciesMeta:
      '@types/react':
        optional: true
      immer:
        optional: true
      react:
        optional: true

snapshots:

  '@babel/runtime@7.28.4': {}

  '@dnd-kit/accessibility@3.1.1(react@18.2.0)':
    dependencies:
      react: 18.2.0
      tslib: 2.8.1

  '@dnd-kit/core@6.3.1(react-dom@18.2.0(react@18.2.0))(react@18.2.0)':
    dependencies:
      '@dnd-kit/accessibility': 3.1.1(react@18.2.0)
      '@dnd-kit/utilities': 3.2.2(react@18.2.0)
      react: 18.2.0
      react-dom: 18.2.0(react@18.2.0)
      tslib: 2.8.1

  '@dnd-kit/sortable@7.0.2(@dnd-kit/core@6.3.1(react-dom@18.2.0(react@18.2.0))(react@18.2.0))(react@18.2.0)':
    dependencies:
      '@dnd-kit/core': 6.3.1(react-dom@18.2.0(react@18.2.0))(react@18.2.0)
      '@dnd-kit/utilities': 3.2.2(react@18.2.0)
      react: 18.2.0
      tslib: 2.8.1

  '@dnd-kit/utilities@3.2.2(react@18.2.0)':
    dependencies:
      react: 18.2.0
      tslib: 2.8.1

  '@hookform/resolvers@3.10.0(react-hook-form@7.62.0(react@18.2.0))':
    dependencies:
      react-hook-form: 7.62.0(react@18.2.0)

  '@kurkle/color@0.3.4': {}

  '@monaco-editor/loader@1.5.0':
    dependencies:
      state-local: 1.0.7

  '@monaco-editor/react@4.7.0(monaco-editor@0.53.0)(react-dom@18.2.0(react@18.2.0))(react@18.2.0)':
    dependencies:
      '@monaco-editor/loader': 1.5.0
      monaco-editor: 0.53.0
      react: 18.2.0
      react-dom: 18.2.0(react@18.2.0)

  '@next/env@13.5.6': {}

  '@next/swc-darwin-arm64@13.5.6':
    optional: true

  '@next/swc-darwin-x64@13.5.6':
    optional: true

  '@next/swc-linux-arm64-gnu@13.5.6':
    optional: true

  '@next/swc-linux-arm64-musl@13.5.6':
    optional: true

  '@next/swc-linux-x64-gnu@13.5.6':
    optional: true

  '@next/swc-linux-x64-musl@13.5.6':
    optional: true

  '@next/swc-win32-arm64-msvc@13.5.6':
    optional: true

  '@next/swc-win32-ia32-msvc@13.5.6':
    optional: true

  '@next/swc-win32-x64-msvc@13.5.6':
    optional: true

  '@reactflow/background@11.3.14(@types/react@18.2.14)(react-dom@18.2.0(react@18.2.0))(react@18.2.0)':
    dependencies:
      '@reactflow/core': 11.11.4(@types/react@18.2.14)(react-dom@18.2.0(react@18.2.0))(react@18.2.0)
      classcat: 5.0.5
      react: 18.2.0
      react-dom: 18.2.0(react@18.2.0)
      zustand: 4.5.7(@types/react@18.2.14)(react@18.2.0)
    transitivePeerDependencies:
      - '@types/react'
      - immer

  '@reactflow/controls@11.2.14(@types/react@18.2.14)(react-dom@18.2.0(react@18.2.0))(react@18.2.0)':
    dependencies:
      '@reactflow/core': 11.11.4(@types/react@18.2.14)(react-dom@18.2.0(react@18.2.0))(react@18.2.0)
      classcat: 5.0.5
      react: 18.2.0
      react-dom: 18.2.0(react@18.2.0)
      zustand: 4.5.7(@types/react@18.2.14)(react@18.2.0)
    transitivePeerDependencies:
      - '@types/react'
      - immer

  '@reactflow/core@11.11.4(@types/react@18.2.14)(react-dom@18.2.0(react@18.2.0))(react@18.2.0)':
    dependencies:
      '@types/d3': 7.4.3
      '@types/d3-drag': 3.0.7
      '@types/d3-selection': 3.0.11
      '@types/d3-zoom': 3.0.8
      classcat: 5.0.5
      d3-drag: 3.0.0
      d3-selection: 3.0.0
      d3-zoom: 3.0.0
      react: 18.2.0
      react-dom: 18.2.0(react@18.2.0)
      zustand: 4.5.7(@types/react@18.2.14)(react@18.2.0)
    transitivePeerDependencies:
      - '@types/react'
      - immer

  '@reactflow/minimap@11.7.14(@types/react@18.2.14)(react-dom@18.2.0(react@18.2.0))(react@18.2.0)':
    dependencies:
      '@reactflow/core': 11.11.4(@types/react@18.2.14)(react-dom@18.2.0(react@18.2.0))(react@18.2.0)
      '@types/d3-selection': 3.0.11
      '@types/d3-zoom': 3.0.8
      classcat: 5.0.5
      d3-selection: 3.0.0
      d3-zoom: 3.0.0
      react: 18.2.0
      react-dom: 18.2.0(react@18.2.0)
      zustand: 4.5.7(@types/react@18.2.14)(react@18.2.0)
    transitivePeerDependencies:
      - '@types/react'
      - immer

  '@reactflow/node-resizer@2.2.14(@types/react@18.2.14)(react-dom@18.2.0(react@18.2.0))(react@18.2.0)':
    dependencies:
      '@reactflow/core': 11.11.4(@types/react@18.2.14)(react-dom@18.2.0(react@18.2.0))(react@18.2.0)
      classcat: 5.0.5
      d3-drag: 3.0.0
      d3-selection: 3.0.0
      react: 18.2.0
      react-dom: 18.2.0(react@18.2.0)
      zustand: 4.5.7(@types/react@18.2.14)(react@18.2.0)
    transitivePeerDependencies:
      - '@types/react'
      - immer

  '@reactflow/node-toolbar@1.3.14(@types/react@18.2.14)(react-dom@18.2.0(react@18.2.0))(react@18.2.0)':
    dependencies:
      '@reactflow/core': 11.11.4(@types/react@18.2.14)(react-dom@18.2.0(react@18.2.0))(react@18.2.0)
      classcat: 5.0.5
      react: 18.2.0
      react-dom: 18.2.0(react@18.2.0)
      zustand: 4.5.7(@types/react@18.2.14)(react@18.2.0)
    transitivePeerDependencies:
      - '@types/react'
      - immer

  '@swc/helpers@0.5.2':
    dependencies:
      tslib: 2.8.1

  '@tanstack/query-core@5.87.4': {}

  '@tanstack/react-query@5.87.4(react@18.2.0)':
    dependencies:
      '@tanstack/query-core': 5.87.4
      react: 18.2.0

  '@types/d3-array@3.2.2': {}

  '@types/d3-axis@3.0.6':
    dependencies:
      '@types/d3-selection': 3.0.11

  '@types/d3-brush@3.0.6':
    dependencies:
      '@types/d3-selection': 3.0.11

  '@types/d3-chord@3.0.6': {}

  '@types/d3-color@3.1.3': {}

  '@types/d3-contour@3.0.6':
    dependencies:
      '@types/d3-array': 3.2.2
      '@types/geojson': 7946.0.16

  '@types/d3-delaunay@6.0.4': {}

  '@types/d3-dispatch@3.0.7': {}

  '@types/d3-drag@3.0.7':
    dependencies:
      '@types/d3-selection': 3.0.11

  '@types/d3-dsv@3.0.7': {}

  '@types/d3-ease@3.0.2': {}

  '@types/d3-fetch@3.0.7':
    dependencies:
      '@types/d3-dsv': 3.0.7

  '@types/d3-force@3.0.10': {}

  '@types/d3-format@3.0.4': {}

  '@types/d3-geo@3.1.0':
    dependencies:
      '@types/geojson': 7946.0.16

  '@types/d3-hierarchy@3.1.7': {}

  '@types/d3-interpolate@3.0.4':
    dependencies:
      '@types/d3-color': 3.1.3

  '@types/d3-path@3.1.1': {}

  '@types/d3-polygon@3.0.2': {}

  '@types/d3-quadtree@3.0.6': {}

  '@types/d3-random@3.0.3': {}

  '@types/d3-scale-chromatic@3.1.0': {}

  '@types/d3-scale@4.0.9':
    dependencies:
      '@types/d3-time': 3.0.4

  '@types/d3-selection@3.0.11': {}

  '@types/d3-shape@3.1.7':
    dependencies:
      '@types/d3-path': 3.1.1

  '@types/d3-time-format@4.0.3': {}

  '@types/d3-time@3.0.4': {}

  '@types/d3-timer@3.0.2': {}

  '@types/d3-transition@3.0.9':
    dependencies:
      '@types/d3-selection': 3.0.11

  '@types/d3-zoom@3.0.8':
    dependencies:
      '@types/d3-interpolate': 3.0.4
      '@types/d3-selection': 3.0.11

  '@types/d3@7.4.3':
    dependencies:
      '@types/d3-array': 3.2.2
      '@types/d3-axis': 3.0.6
      '@types/d3-brush': 3.0.6
      '@types/d3-chord': 3.0.6
      '@types/d3-color': 3.1.3
      '@types/d3-contour': 3.0.6
      '@types/d3-delaunay': 6.0.4
      '@types/d3-dispatch': 3.0.7
      '@types/d3-drag': 3.0.7
      '@types/d3-dsv': 3.0.7
      '@types/d3-ease': 3.0.2
      '@types/d3-fetch': 3.0.7
      '@types/d3-force': 3.0.10
      '@types/d3-format': 3.0.4
      '@types/d3-geo': 3.1.0
      '@types/d3-hierarchy': 3.1.7
      '@types/d3-interpolate': 3.0.4
      '@types/d3-path': 3.1.1
      '@types/d3-polygon': 3.0.2
      '@types/d3-quadtree': 3.0.6
      '@types/d3-random': 3.0.3
      '@types/d3-scale': 4.0.9
      '@types/d3-scale-chromatic': 3.1.0
      '@types/d3-selection': 3.0.11
      '@types/d3-shape': 3.1.7
      '@types/d3-time': 3.0.4
      '@types/d3-time-format': 4.0.3
      '@types/d3-timer': 3.0.2
      '@types/d3-transition': 3.0.9
      '@types/d3-zoom': 3.0.8

  '@types/geojson@7946.0.16': {}

  '@types/node@20.4.2': {}

  '@types/prop-types@15.7.15': {}

  '@types/raf@3.4.3':
    optional: true

  '@types/react-dom@18.2.6':
    dependencies:
      '@types/react': 18.2.14

  '@types/react@18.2.14':
    dependencies:
      '@types/prop-types': 15.7.15
      '@types/scheduler': 0.26.0
      csstype: 3.1.3

  '@types/scheduler@0.26.0': {}

  '@types/trusted-types@1.0.6': {}

  '@videojs/http-streaming@3.17.2(video.js@8.23.4)':
    dependencies:
      '@babel/runtime': 7.28.4
      '@videojs/vhs-utils': 4.1.1
      aes-decrypter: 4.0.2
      global: 4.4.0
      m3u8-parser: 7.2.0
      mpd-parser: 1.3.1
      mux.js: 7.1.0
      video.js: 8.23.4

  '@videojs/vhs-utils@4.1.1':
    dependencies:
      '@babel/runtime': 7.28.4
      global: 4.4.0

  '@videojs/xhr@2.7.0':
    dependencies:
      '@babel/runtime': 7.28.4
      global: 4.4.0
      is-function: 1.0.2

  '@xmldom/xmldom@0.8.11': {}

  aes-decrypter@4.0.2:
    dependencies:
      '@babel/runtime': 7.28.4
      '@videojs/vhs-utils': 4.1.1
      global: 4.4.0
      pkcs7: 1.0.4

  atob@2.1.2: {}

  base64-arraybuffer@1.0.2: {}

  btoa@1.2.1: {}

  busboy@1.6.0:
    dependencies:
      streamsearch: 1.1.0

  caniuse-lite@1.0.30001741: {}

  canvg@3.0.11:
    dependencies:
      '@babel/runtime': 7.28.4
      '@types/raf': 3.4.3
      core-js: 3.45.1
      raf: 3.4.1
      regenerator-runtime: 0.13.11
      rgbcolor: 1.0.1
      stackblur-canvas: 2.7.0
      svg-pathdata: 6.0.3
    optional: true

  chart.js@4.5.0:
    dependencies:
      '@kurkle/color': 0.3.4

  classcat@5.0.5: {}

  client-only@0.0.1: {}

  core-js@3.45.1:
    optional: true

  css-line-break@2.1.0:
    dependencies:
      utrie: 1.0.2

  csstype@3.1.3: {}

  d3-color@3.1.0: {}

  d3-dispatch@3.0.1: {}

  d3-drag@3.0.0:
    dependencies:
      d3-dispatch: 3.0.1
      d3-selection: 3.0.0

  d3-ease@3.0.1: {}

  d3-interpolate@3.0.1:
    dependencies:
      d3-color: 3.1.0

  d3-selection@3.0.0: {}

  d3-timer@3.0.1: {}

  d3-transition@3.0.1(d3-selection@3.0.0):
    dependencies:
      d3-color: 3.1.0
      d3-dispatch: 3.0.1
      d3-ease: 3.0.1
      d3-interpolate: 3.0.1
      d3-selection: 3.0.0
      d3-timer: 3.0.1

  d3-zoom@3.0.0:
    dependencies:
      d3-dispatch: 3.0.1
      d3-drag: 3.0.0
      d3-interpolate: 3.0.1
      d3-selection: 3.0.0
      d3-transition: 3.0.1(d3-selection@3.0.0)

  dom-walk@0.1.2: {}

  dompurify@2.5.8:
    optional: true

  fflate@0.8.2: {}

  glob-to-regexp@0.4.1: {}

  global@4.4.0:
    dependencies:
      min-document: 2.19.0
      process: 0.11.10

  graceful-fs@4.2.11: {}

  hls.js@1.6.12: {}

  html2canvas@1.4.1:
    dependencies:
      css-line-break: 2.1.0
      text-segmentation: 1.0.3

  is-function@1.0.2: {}

  js-tokens@4.0.0: {}

  jspdf@2.5.2:
    dependencies:
      '@babel/runtime': 7.28.4
      atob: 2.1.2
      btoa: 1.2.1
      fflate: 0.8.2
    optionalDependencies:
      canvg: 3.0.11
      core-js: 3.45.1
      dompurify: 2.5.8
      html2canvas: 1.4.1

  loose-envify@1.4.0:
    dependencies:
      js-tokens: 4.0.0

  lucide-react@0.441.0(react@18.2.0):
    dependencies:
      react: 18.2.0

  m3u8-parser@7.2.0:
    dependencies:
      '@babel/runtime': 7.28.4
      '@videojs/vhs-utils': 4.1.1
      global: 4.4.0

  min-document@2.19.0:
    dependencies:
      dom-walk: 0.1.2

  monaco-editor@0.53.0:
    dependencies:
      '@types/trusted-types': 1.0.6

  mpd-parser@1.3.1:
    dependencies:
      '@babel/runtime': 7.28.4
      '@videojs/vhs-utils': 4.1.1
      '@xmldom/xmldom': 0.8.11
      global: 4.4.0

  mux.js@7.1.0:
    dependencies:
      '@babel/runtime': 7.28.4
      global: 4.4.0

  nanoid@3.3.11: {}

  next@13.5.6(react-dom@18.2.0(react@18.2.0))(react@18.2.0):
    dependencies:
      '@next/env': 13.5.6
      '@swc/helpers': 0.5.2
      busboy: 1.6.0
      caniuse-lite: 1.0.30001741
      postcss: 8.4.31
      react: 18.2.0
      react-dom: 18.2.0(react@18.2.0)
      styled-jsx: 5.1.1(react@18.2.0)
      watchpack: 2.4.0
    optionalDependencies:
      '@next/swc-darwin-arm64': 13.5.6
      '@next/swc-darwin-x64': 13.5.6
      '@next/swc-linux-arm64-gnu': 13.5.6
      '@next/swc-linux-arm64-musl': 13.5.6
      '@next/swc-linux-x64-gnu': 13.5.6
      '@next/swc-linux-x64-musl': 13.5.6
      '@next/swc-win32-arm64-msvc': 13.5.6
      '@next/swc-win32-ia32-msvc': 13.5.6
      '@next/swc-win32-x64-msvc': 13.5.6
    transitivePeerDependencies:
      - '@babel/core'
      - babel-plugin-macros

  performance-now@2.1.0:
    optional: true

  picocolors@1.1.1: {}

  pkcs7@1.0.4:
    dependencies:
      '@babel/runtime': 7.28.4

  postcss@8.4.31:
    dependencies:
      nanoid: 3.3.11
      picocolors: 1.1.1
      source-map-js: 1.2.1

  process@0.11.10: {}

  raf@3.4.1:
    dependencies:
      performance-now: 2.1.0
    optional: true

  react-chartjs-2@5.3.0(chart.js@4.5.0)(react@18.2.0):
    dependencies:
      chart.js: 4.5.0
      react: 18.2.0

  react-dom@18.2.0(react@18.2.0):
    dependencies:
      loose-envify: 1.4.0
      react: 18.2.0
      scheduler: 0.23.2

  react-hook-form@7.62.0(react@18.2.0):
    dependencies:
      react: 18.2.0

  react@18.2.0:
    dependencies:
      loose-envify: 1.4.0

  reactflow@11.11.4(@types/react@18.2.14)(react-dom@18.2.0(react@18.2.0))(react@18.2.0):
    dependencies:
      '@reactflow/background': 11.3.14(@types/react@18.2.14)(react-dom@18.2.0(react@18.2.0))(react@18.2.0)
      '@reactflow/controls': 11.2.14(@types/react@18.2.14)(react-dom@18.2.0(react@18.2.0))(react@18.2.0)
      '@reactflow/core': 11.11.4(@types/react@18.2.14)(react-dom@18.2.0(react@18.2.0))(react@18.2.0)
      '@reactflow/minimap': 11.7.14(@types/react@18.2.14)(react-dom@18.2.0(react@18.2.0))(react@18.2.0)
      '@reactflow/node-resizer': 2.2.14(@types/react@18.2.14)(react-dom@18.2.0(react@18.2.0))(react@18.2.0)
      '@reactflow/node-toolbar': 1.3.14(@types/react@18.2.14)(react-dom@18.2.0(react@18.2.0))(react@18.2.0)
      react: 18.2.0
      react-dom: 18.2.0(react@18.2.0)
    transitivePeerDependencies:
      - '@types/react'
      - immer

  regenerator-runtime@0.13.11:
    optional: true

  rgbcolor@1.0.1:
    optional: true

  scheduler@0.23.2:
    dependencies:
      loose-envify: 1.4.0

  source-map-js@1.2.1: {}

  stackblur-canvas@2.7.0:
    optional: true

  state-local@1.0.7: {}

  streamsearch@1.1.0: {}

  styled-jsx@5.1.1(react@18.2.0):
    dependencies:
      client-only: 0.0.1
      react: 18.2.0

  svg-pathdata@6.0.3:
    optional: true

  text-segmentation@1.0.3:
    dependencies:
      utrie: 1.0.2

  tslib@2.8.1: {}

  typescript@5.2.2: {}

  use-sync-external-store@1.5.0(react@18.2.0):
    dependencies:
      react: 18.2.0

  utrie@1.0.2:
    dependencies:
      base64-arraybuffer: 1.0.2

  video.js@8.23.4:
    dependencies:
      '@babel/runtime': 7.28.4
      '@videojs/http-streaming': 3.17.2(video.js@8.23.4)
      '@videojs/vhs-utils': 4.1.1
      '@videojs/xhr': 2.7.0
      aes-decrypter: 4.0.2
      global: 4.4.0
      m3u8-parser: 7.2.0
      mpd-parser: 1.3.1
      mux.js: 7.1.0
      videojs-contrib-quality-levels: 4.1.0(video.js@8.23.4)
      videojs-font: 4.2.0
      videojs-vtt.js: 0.15.5

  videojs-contrib-quality-levels@4.1.0(video.js@8.23.4):
    dependencies:
      global: 4.4.0
      video.js: 8.23.4

  videojs-font@4.2.0: {}

  videojs-vtt.js@0.15.5:
    dependencies:
      global: 4.4.0

  watchpack@2.4.0:
    dependencies:
      glob-to-regexp: 0.4.1
      graceful-fs: 4.2.11

  zod@3.25.76: {}

  zustand@4.5.7(@types/react@18.2.14)(react@18.2.0):
    dependencies:
      use-sync-external-store: 1.5.0(react@18.2.0)
    optionalDependencies:
      '@types/react': 18.2.14
      react: 18.2.0
